// !$*UTF8*$!
{
	archiveVersion = 1;
	classes = {
	};
	objectVersion = 56;
	objects = {

/* Begin PBXBuildFile section */
		18A1EC7329F4544B0084C11E /* My_Card_AppApp.swift in Sources */ = {isa = PBXBuildFile; fileRef = 18A1EC7229F4544B0084C11E /* My_Card_AppApp.swift */; };
		18A1EC7529F4544B0084C11E /* ContentView.swift in Sources */ = {isa = PBXBuildFile; fileRef = 18A1EC7429F4544B0084C11E /* ContentView.swift */; };
		18A1EC7729F4544F0084C11E /* Assets.xcassets in Resources */ = {isa = PBXBuildFile; fileRef = 18A1EC7629F4544F0084C11E /* Assets.xcassets */; };
		18A1EC7A29F4544F0084C11E /* Preview Assets.xcassets in Resources */ = {isa = PBXBuildFile; fileRef = 18A1EC7929F4544F0084C11E /* Preview Assets.xcassets */; };
		18A1EC8429F454500084C11E /* My_Card_AppTests.swift in Sources */ = {isa = PBXBuildFile; fileRef = 18A1EC8329F454500084C11E /* My_Card_AppTests.swift */; };
		18A1EC8E29F454500084C11E /* My_Card_AppUITests.swift in Sources */ = {isa = PBXBuildFile; fileRef = 18A1EC8D29F454500084C11E /* My_Card_AppUITests.swift */; };
		18A1EC9029F454500084C11E /* My_Card_AppUITestsLaunchTests.swift in Sources */ = {isa = PBXBuildFile; fileRef = 18A1EC8F29F454500084C11E /* My_Card_AppUITestsLaunchTests.swift */; };
/* End PBXBuildFile section */

/* Begin PBXContainerItemProxy section */
		18A1EC8029F454500084C11E /* PBXContainerItemProxy */ = {
			isa = PBXContainerItemProxy;
			containerPortal = 18A1EC6729F4544B0084C11E /* Project object */;
			proxyType = 1;
			remoteGlobalIDString = 18A1EC6E29F4544B0084C11E;
			remoteInfo = "My Card App";
		};
		18A1EC8A29F454500084C11E /* PBXContainerItemProxy */ = {
			isa = PBXContainerItemProxy;
			containerPortal = 18A1EC6729F4544B0084C11E /* Project object */;
			proxyType = 1;
			remoteGlobalIDString = 18A1EC6E29F4544B0084C11E;
			remoteInfo = "My Card App";
		};
/* End PBXContainerItemProxy section */

/* Begin PBXFileReference section */
		18A1EC6F29F4544B0084C11E /* My Card App.app */ = {isa = PBXFileReference; explicitFileType = wrapper.application; includeInIndex = 0; path = "My Card App.app"; sourceTree = BUILT_PRODUCTS_DIR; };
		18A1EC7229F4544B0084C11E /* My_Card_AppApp.swift */ = {isa = PBXFileReference; lastKnownFileType = sourcecode.swift; path = My_Card_AppApp.swift; sourceTree = "<group>"; };
		18A1EC7429F4544B0084C11E /* ContentView.swift */ = {isa = PBXFileReference; lastKnownFileType = sourcecode.swift; path = ContentView.swift; sourceTree = "<group>"; };
		18A1EC7629F4544F0084C11E /* Assets.xcassets */ = {isa = PBXFileReference; lastKnownFileType = folder.assetcatalog; path = Assets.xcassets; sourceTree = "<group>"; };
		18A1EC7929F4544F0084C11E /* Preview Assets.xcassets */ = {isa = PBXFileReference; lastKnownFileType = folder.assetcatalog; path = "Preview Assets.xcassets"; sourceTree = "<group>"; };
		18A1EC7F29F454500084C11E /* My Card AppTests.xctest */ = {isa = PBXFileReference; explicitFileType = wrapper.cfbundle; includeInIndex = 0; path = "My Card AppTests.xctest"; sourceTree = BUILT_PRODUCTS_DIR; };
		18A1EC8329F454500084C11E /* My_Card_AppTests.swift */ = {isa = PBXFileReference; lastKnownFileType = sourcecode.swift; path = My_Card_AppTests.swift; sourceTree = "<group>"; };
		18A1EC8929F454500084C11E /* My Card AppUITests.xctest */ = {isa = PBXFileReference; explicitFileType = wrapper.cfbundle; includeInIndex = 0; path = "My Card AppUITests.xctest"; sourceTree = BUILT_PRODUCTS_DIR; };
		18A1EC8D29F454500084C11E /* My_Card_AppUITests.swift */ = {isa = PBXFileReference; lastKnownFileType = sourcecode.swift; path = My_Card_AppUITests.swift; sourceTree = "<group>"; };
		18A1EC8F29F454500084C11E /* My_Card_AppUITestsLaunchTests.swift */ = {isa = PBXFileReference; lastKnownFileType = sourcecode.swift; path = My_Card_AppUITestsLaunchTests.swift; sourceTree = "<group>"; };
/* End PBXFileReference section */

/* Begin PBXFrameworksBuildPhase section */
		18A1EC6C29F4544B0084C11E /* Frameworks */ = {
			isa = PBXFrameworksBuildPhase;
			buildActionMask = 2147483647;
			files = (
			);
			runOnlyForDeploymentPostprocessing = 0;
		};
		18A1EC7C29F454500084C11E /* Frameworks */ = {
			isa = PBXFrameworksBuildPhase;
			buildActionMask = 2147483647;
			files = (
			);
			runOnlyForDeploymentPostprocessing = 0;
		};
		18A1EC8629F454500084C11E /* Frameworks */ = {
			isa = PBXFrameworksBuildPhase;
			buildActionMask = 2147483647;
			files = (
			);
			runOnlyForDeploymentPostprocessing = 0;
		};
/* End PBXFrameworksBuildPhase section */

/* Begin PBXGroup section */
		18A1EC6629F4544B0084C11E = {
			isa = PBXGroup;
			children = (
				18A1EC7129F4544B0084C11E /* My Card App */,
				18A1EC8229F454500084C11E /* My Card AppTests */,
				18A1EC8C29F454500084C11E /* My Card AppUITests */,
				18A1EC7029F4544B0084C11E /* Products */,
			);
			sourceTree = "<group>";
		};
		18A1EC7029F4544B0084C11E /* Products */ = {
			isa = PBXGroup;
			children = (
				18A1EC6F29F4544B0084C11E /* My Card App.app */,
				18A1EC7F29F454500084C11E /* My Card AppTests.xctest */,
				18A1EC8929F454500084C11E /* My Card AppUITests.xctest */,
			);
			name = Products;
			sourceTree = "<group>";
		};
		18A1EC7129F4544B0084C11E /* My Card App */ = {
			isa = PBXGroup;
			children = (
				18A1EC7229F4544B0084C11E /* My_Card_AppApp.swift */,
				18A1EC7429F4544B0084C11E /* ContentView.swift */,
				18A1EC7629F4544F0084C11E /* Assets.xcassets */,
				18A1EC7829F4544F0084C11E /* Preview Content */,
			);
			path = "My Card App";
			sourceTree = "<group>";
		};
		18A1EC7829F4544F0084C11E /* Preview Content */ = {
			isa = PBXGroup;
			children = (
				18A1EC7929F4544F0084C11E /* Preview Assets.xcassets */,
			);
			path = "Preview Content";
			sourceTree = "<group>";
		};
		18A1EC8229F454500084C11E /* My Card AppTests */ = {
			isa = PBXGroup;
			children = (
				18A1EC8329F454500084C11E /* My_Card_AppTests.swift */,
			);
			path = "My Card AppTests";
			sourceTree = "<group>";
		};
		18A1EC8C29F454500084C11E /* My Card AppUITests */ = {
			isa = PBXGroup;
			children = (
				18A1EC8D29F454500084C11E /* My_Card_AppUITests.swift */,
				18A1EC8F29F454500084C11E /* My_Card_AppUITestsLaunchTests.swift */,
			);
			path = "My Card AppUITests";
			sourceTree = "<group>";
		};
/* End PBXGroup section */

/* Begin PBXNativeTarget section */
		18A1EC6E29F4544B0084C11E /* My Card App */ = {
			isa = PBXNativeTarget;
			buildConfigurationList = 18A1EC9329F454500084C11E /* Build configuration list for PBXNativeTarget "My Card App" */;
			buildPhases = (
				18A1EC6B29F4544B0084C11E /* Sources */,
				18A1EC6C29F4544B0084C11E /* Frameworks */,
				18A1EC6D29F4544B0084C11E /* Resources */,
			);
			buildRules = (
			);
			dependencies = (
			);
			name = "My Card App";
			productName = "My Card App";
			productReference = 18A1EC6F29F4544B0084C11E /* My Card App.app */;
			productType = "com.apple.product-type.application";
		};
		18A1EC7E29F454500084C11E /* My Card AppTests */ = {
			isa = PBXNativeTarget;
			buildConfigurationList = 18A1EC9629F454500084C11E /* Build configuration list for PBXNativeTarget "My Card AppTests" */;
			buildPhases = (
				18A1EC7B29F454500084C11E /* Sources */,
				18A1EC7C29F454500084C11E /* Frameworks */,
				18A1EC7D29F454500084C11E /* Resources */,
			);
			buildRules = (
			);
			dependencies = (
				18A1EC8129F454500084C11E /* PBXTargetDependency */,
			);
			name = "My Card AppTests";
			productName = "My Card AppTests";
			productReference = 18A1EC7F29F454500084C11E /* My Card AppTests.xctest */;
			productType = "com.apple.product-type.bundle.unit-test";
		};
		18A1EC8829F454500084C11E /* My Card AppUITests */ = {
			isa = PBXNativeTarget;
			buildConfigurationList = 18A1EC9929F454500084C11E /* Build configuration list for PBXNativeTarget "My Card AppUITests" */;
			buildPhases = (
				18A1EC8529F454500084C11E /* Sources */,
				18A1EC8629F454500084C11E /* Frameworks */,
				18A1EC8729F454500084C11E /* Resources */,
			);
			buildRules = (
			);
			dependencies = (
				18A1EC8B29F454500084C11E /* PBXTargetDependency */,
			);
			name = "My Card AppUITests";
			productName = "My Card AppUITests";
			productReference = 18A1EC8929F454500084C11E /* My Card AppUITests.xctest */;
			productType = "com.apple.product-type.bundle.ui-testing";
		};
/* End PBXNativeTarget section */

/* Begin PBXProject section */
		18A1EC6729F4544B0084C11E /* Project object */ = {
			isa = PBXProject;
			attributes = {
				BuildIndependentTargetsInParallel = 1;
				LastSwiftUpdateCheck = 1430;
				LastUpgradeCheck = 1430;
				TargetAttributes = {
					18A1EC6E29F4544B0084C11E = {
						CreatedOnToolsVersion = 14.3;
					};
					18A1EC7E29F454500084C11E = {
						CreatedOnToolsVersion = 14.3;
						TestTargetID = 18A1EC6E29F4544B0084C11E;
					};
					18A1EC8829F454500084C11E = {
						CreatedOnToolsVersion = 14.3;
						TestTargetID = 18A1EC6E29F4544B0084C11E;
					};
				};
			};
			buildConfigurationList = 18A1EC6A29F4544B0084C11E /* Build configuration list for PBXProject "My Card App" */;
			compatibilityVersion = "Xcode 14.0";
			developmentRegion = en;
			hasScannedForEncodings = 0;
			knownRegions = (
				en,
				Base,
			);
			mainGroup = 18A1EC6629F4544B0084C11E;
			productRefGroup = 18A1EC7029F4544B0084C11E /* Products */;
			projectDirPath = "";
			projectRoot = "";
			targets = (
				18A1EC6E29F4544B0084C11E /* My Card App */,
				18A1EC7E29F454500084C11E /* My Card AppTests */,
				18A1EC8829F454500084C11E /* My Card AppUITests */,
			);
		};
/* End PBXProject section */

/* Begin PBXResourcesBuildPhase section */
		18A1EC6D29F4544B0084C11E /* Resources */ = {
			isa = PBXResourcesBuildPhase;
			buildActionMask = 2147483647;
			files = (
				18A1EC7A29F4544F0084C11E /* Preview Assets.xcassets in Resources */,
				18A1EC7729F4544F0084C11E /* Assets.xcassets in Resources */,
			);
			runOnlyForDeploymentPostprocessing = 0;
		};
		18A1EC7D29F454500084C11E /* Resources */ = {
			isa = PBXResourcesBuildPhase;
			buildActionMask = 2147483647;
			files = (
			);
			runOnlyForDeploymentPostprocessing = 0;
		};
		18A1EC8729F454500084C11E /* Resources */ = {
			isa = PBXResourcesBuildPhase;
			buildActionMask = 2147483647;
			files = (
			);
			runOnlyForDeploymentPostprocessing = 0;
		};
/* End PBXResourcesBuildPhase section */

/* Begin PBXSourcesBuildPhase section */
		18A1EC6B29F4544B0084C11E /* Sources */ = {
			isa = PBXSourcesBuildPhase;
			buildActionMask = 2147483647;
			files = (
				18A1EC7529F4544B0084C11E /* ContentView.swift in Sources */,
				18A1EC7329F4544B0084C11E /* My_Card_AppApp.swift in Sources */,
			);
			runOnlyForDeploymentPostprocessing = 0;
		};
		18A1EC7B29F454500084C11E /* Sources */ = {
			isa = PBXSourcesBuildPhase;
			buildActionMask = 2147483647;
			files = (
				18A1EC8429F454500084C11E /* My_Card_AppTests.swift in Sources */,
			);
			runOnlyForDeploymentPostprocessing = 0;
		};
		18A1EC8529F454500084C11E /* Sources */ = {
			isa = PBXSourcesBuildPhase;
			buildActionMask = 2147483647;
			files = (
				18A1EC9029F454500084C11E /* My_Card_AppUITestsLaunchTests.swift in Sources */,
				18A1EC8E29F454500084C11E /* My_Card_AppUITests.swift in Sources */,
			);
			runOnlyForDeploymentPostprocessing = 0;
		};
/* End PBXSourcesBuildPhase section */

/* Begin PBXTargetDependency section */
		18A1EC8129F454500084C11E /* PBXTargetDependency */ = {
			isa = PBXTargetDependency;
			target = 18A1EC6E29F4544B0084C11E /* My Card App */;
			targetProxy = 18A1EC8029F454500084C11E /* PBXContainerItemProxy */;
		};
		18A1EC8B29F454500084C11E /* PBXTargetDependency */ = {
			isa = PBXTargetDependency;
			target = 18A1EC6E29F4544B0084C11E /* My Card App */;
			targetProxy = 18A1EC8A29F454500084C11E /* PBXContainerItemProxy */;
		};
/* End PBXTargetDependency section */

/* Begin XCBuildConfiguration section */
		18A1EC9129F454500084C11E /* Debug */ = {
			isa = XCBuildConfiguration;
			buildSettings = {
				ALWAYS_SEARCH_USER_PATHS = NO;
				CLANG_ANALYZER_NONNULL = YES;
				CLANG_ANALYZER_NUMBER_OBJECT_CONVERSION = YES_AGGRESSIVE;
				CLANG_CXX_LANGUAGE_STANDARD = "gnu++20";
				CLANG_ENABLE_MODULES = YES;
				CLANG_ENABLE_OBJC_ARC = YES;
				CLANG_ENABLE_OBJC_WEAK = YES;
				CLANG_WARN_BLOCK_CAPTURE_AUTORELEASING = YES;
				CLANG_WARN_BOOL_CONVERSION = YES;
				CLANG_WARN_COMMA = YES;
				CLANG_WARN_CONSTANT_CONVERSION = YES;
				CLANG_WARN_DEPRECATED_OBJC_IMPLEMENTATIONS = YES;
				CLANG_WARN_DIRECT_OBJC_ISA_USAGE = YES_ERROR;
				CLANG_WARN_DOCUMENTATION_COMMENTS = YES;
				CLANG_WARN_EMPTY_BODY = YES;
				CLANG_WARN_ENUM_CONVERSION = YES;
				CLANG_WARN_INFINITE_RECURSION = YES;
				CLANG_WARN_INT_CONVERSION = YES;
				CLANG_WARN_NON_LITERAL_NULL_CONVERSION = YES;
				CLANG_WARN_OBJC_IMPLICIT_RETAIN_SELF = YES;
				CLANG_WARN_OBJC_LITERAL_CONVERSION = YES;
				CLANG_WARN_OBJC_ROOT_CLASS = YES_ERROR;
				CLANG_WARN_QUOTED_INCLUDE_IN_FRAMEWORK_HEADER = YES;
				CLANG_WARN_RANGE_LOOP_ANALYSIS = YES;
				CLANG_WARN_STRICT_PROTOTYPES = YES;
				CLANG_WARN_SUSPICIOUS_MOVE = YES;
				CLANG_WARN_UNGUARDED_AVAILABILITY = YES_AGGRESSIVE;
				CLANG_WARN_UNREACHABLE_CODE = YES;
				CLANG_WARN__DUPLICATE_METHOD_MATCH = YES;
				COPY_PHASE_STRIP = NO;
				DEBUG_INFORMATION_FORMAT = dwarf;
				ENABLE_STRICT_OBJC_MSGSEND = YES;
				ENABLE_TESTABILITY = YES;
				GCC_C_LANGUAGE_STANDARD = gnu11;
				GCC_DYNAMIC_NO_PIC = NO;
				GCC_NO_COMMON_BLOCKS = YES;
				GCC_OPTIMIZATION_LEVEL = 0;
				GCC_PREPROCESSOR_DEFINITIONS = (
					"DEBUG=1",
					"$(inherited)",
				);
				GCC_WARN_64_TO_32_BIT_CONVERSION = YES;
				GCC_WARN_ABOUT_RETURN_TYPE = YES_ERROR;
				GCC_WARN_UNDECLARED_SELECTOR = YES;
				GCC_WARN_UNINITIALIZED_AUTOS = YES_AGGRESSIVE;
				GCC_WARN_UNUSED_FUNCTION = YES;
				GCC_WARN_UNUSED_VARIABLE = YES;
				IPHONEOS_DEPLOYMENT_TARGET = 16.4;
				MTL_ENABLE_DEBUG_INFO = INCLUDE_SOURCE;
				MTL_FAST_MATH = YES;
				ONLY_ACTIVE_ARCH = YES;
				SDKROOT = iphoneos;
				SWIFT_ACTIVE_COMPILATION_CONDITIONS = DEBUG;
				SWIFT_OPTIMIZATION_LEVEL = "-Onone";
			};
			name = Debug;
		};
		18A1EC9229F454500084C11E /* Release */ = {
			isa = XCBuildConfiguration;
			buildSettings = {
				ALWAYS_SEARCH_USER_PATHS = NO;
				CLANG_ANALYZER_NONNULL = YES;
				CLANG_ANALYZER_NUMBER_OBJECT_CONVERSION = YES_AGGRESSIVE;
				CLANG_CXX_LANGUAGE_STANDARD = "gnu++20";
				CLANG_ENABLE_MODULES = YES;
				CLANG_ENABLE_OBJC_ARC = YES;
				CLANG_ENABLE_OBJC_WEAK = YES;
				CLANG_WARN_BLOCK_CAPTURE_AUTORELEASING = YES;
				CLANG_WARN_BOOL_CONVERSION = YES;
				CLANG_WARN_COMMA = YES;
				CLANG_WARN_CONSTANT_CONVERSION = YES;
				CLANG_WARN_DEPRECATED_OBJC_IMPLEMENTATIONS = YES;
				CLANG_WARN_DIRECT_OBJC_ISA_USAGE = YES_ERROR;
				CLANG_WARN_DOCUMENTATION_COMMENTS = YES;
				CLANG_WARN_EMPTY_BODY = YES;
				CLANG_WARN_ENUM_CONVERSION = YES;
				CLANG_WARN_INFINITE_RECURSION = YES;
				CLANG_WARN_INT_CONVERSION = YES;
				CLANG_WARN_NON_LITERAL_NULL_CONVERSION = YES;
				CLANG_WARN_OBJC_IMPLICIT_RETAIN_SELF = YES;
				CLANG_WARN_OBJC_LITERAL_CONVERSION = YES;
				CLANG_WARN_OBJC_ROOT_CLASS = YES_ERROR;
				CLANG_WARN_QUOTED_INCLUDE_IN_FRAMEWORK_HEADER = YES;
				CLANG_WARN_RANGE_LOOP_ANALYSIS = YES;
				CLANG_WARN_STRICT_PROTOTYPES = YES;
				CLANG_WARN_SUSPICIOUS_MOVE = YES;
				CLANG_WARN_UNGUARDED_AVAILABILITY = YES_AGGRESSIVE;
				CLANG_WARN_UNREACHABLE_CODE = YES;
				CLANG_WARN__DUPLICATE_METHOD_MATCH = YES;
				COPY_PHASE_STRIP = NO;
				DEBUG_INFORMATION_FORMAT = "dwarf-with-dsym";
				ENABLE_NS_ASSERTIONS = NO;
				ENABLE_STRICT_OBJC_MSGSEND = YES;
				GCC_C_LANGUAGE_STANDARD = gnu11;
				GCC_NO_COMMON_BLOCKS = YES;
				GCC_WARN_64_TO_32_BIT_CONVERSION = YES;
				GCC_WARN_ABOUT_RETURN_TYPE = YES_ERROR;
				GCC_WARN_UNDECLARED_SELECTOR = YES;
				GCC_WARN_UNINITIALIZED_AUTOS = YES_AGGRESSIVE;
				GCC_WARN_UNUSED_FUNCTION = YES;
				GCC_WARN_UNUSED_VARIABLE = YES;
				IPHONEOS_DEPLOYMENT_TARGET = 16.4;
				MTL_ENABLE_DEBUG_INFO = NO;
				MTL_FAST_MATH = YES;
				SDKROOT = iphoneos;
				SWIFT_COMPILATION_MODE = wholemodule;
				SWIFT_OPTIMIZATION_LEVEL = "-O";
				VALIDATE_PRODUCT = YES;
			};
			name = Release;
		};
		18A1EC9429F454500084C11E /* Debug */ = {
			isa = XCBuildConfiguration;
			buildSettings = {
				ASSETCATALOG_COMPILER_APPICON_NAME = AppIcon;
				ASSETCATALOG_COMPILER_GLOBAL_ACCENT_COLOR_NAME = AccentColor;
				CODE_SIGN_STYLE = Automatic;
				CURRENT_PROJECT_VERSION = 1;
				DEVELOPMENT_ASSET_PATHS = "\"My Card App/Preview Content\"";
				DEVELOPMENT_TEAM = T873B8UC9Y;
				ENABLE_PREVIEWS = YES;
				GENERATE_INFOPLIST_FILE = YES;
				INFOPLIST_KEY_UIApplicationSceneManifest_Generation = YES;
				INFOPLIST_KEY_UIApplicationSupportsIndirectInputEvents = YES;
				INFOPLIST_KEY_UILaunchScreen_Generation = YES;
				INFOPLIST_KEY_UISupportedInterfaceOrientations_iPad = "UIInterfaceOrientationPortrait UIInterfaceOrientationPortraitUpsideDown UIInterfaceOrientationLandscapeLeft UIInterfaceOrientationLandscapeRight";
				INFOPLIST_KEY_UISupportedInterfaceOrientations_iPhone = "UIInterfaceOrientationPortrait UIInterfaceOrientationLandscapeLeft UIInterfaceOrientationLandscapeRight";
				LD_RUNPATH_SEARCH_PATHS = (
					"$(inherited)",
					"@executable_path/Frameworks",
				);
				MARKETING_VERSION = 1.0;
				PRODUCT_BUNDLE_IDENTIFIER = "com.nigora.My-Card-App";
				PRODUCT_NAME = "$(TARGET_NAME)";
				SWIFT_EMIT_LOC_STRINGS = YES;
				SWIFT_VERSION = 5.0;
				TARGETED_DEVICE_FAMILY = "1,2";
			};
			name = Debug;
		};
		18A1EC9529F454500084C11E /* Release */ = {
			isa = XCBuildConfiguration;
			buildSettings = {
				ASSETCATALOG_COMPILER_APPICON_NAME = AppIcon;
				ASSETCATALOG_COMPILER_GLOBAL_ACCENT_COLOR_NAME = AccentColor;
				CODE_SIGN_STYLE = Automatic;
				CURRENT_PROJECT_VERSION = 1;
				DEVELOPMENT_ASSET_PATHS = "\"My Card App/Preview Content\"";
				DEVELOPMENT_TEAM = T873B8UC9Y;
				ENABLE_PREVIEWS = YES;
				GENERATE_INFOPLIST_FILE = YES;
				INFOPLIST_KEY_UIApplicationSceneManifest_Generation = YES;
				INFOPLIST_KEY_UIApplicationSupportsIndirectInputEvents = YES;
				INFOPLIST_KEY_UILaunchScreen_Generation = YES;
				INFOPLIST_KEY_UISupportedInterfaceOrientations_iPad = "UIInterfaceOrientationPortrait UIInterfaceOrientationPortraitUpsideDown UIInterfaceOrientationLandscapeLeft UIInterfaceOrientationLandscapeRight";
				INFOPLIST_KEY_UISupportedInterfaceOrientations_iPhone = "UIInterfaceOrientationPortrait UIInterfaceOrientationLandscapeLeft UIInterfaceOrientationLandscapeRight";
				LD_RUNPATH_SEARCH_PATHS = (
					"$(inherited)",
					"@executable_path/Frameworks",
				);
				MARKETING_VERSION = 1.0;
				PRODUCT_BUNDLE_IDENTIFIER = "com.nigora.My-Card-App";
				PRODUCT_NAME = "$(TARGET_NAME)";
				SWIFT_EMIT_LOC_STRINGS = YES;
				SWIFT_VERSION = 5.0;
				TARGETED_DEVICE_FAMILY = "1,2";
			};
			name = Release;
		};
		18A1EC9729F454500084C11E /* Debug */ = {
			isa = XCBuildConfiguration;
			buildSettings = {
				ALWAYS_EMBED_SWIFT_STANDARD_LIBRARIES = YES;
				BUNDLE_LOADER = "$(TEST_HOST)";
				CODE_SIGN_STYLE = Automatic;
				CURRENT_PROJECT_VERSION = 1;
				DEVELOPMENT_TEAM = T873B8UC9Y;
				GENERATE_INFOPLIST_FILE = YES;
				IPHONEOS_DEPLOYMENT_TARGET = 16.4;
				MARKETING_VERSION = 1.0;
				PRODUCT_BUNDLE_IDENTIFIER = "com.nigora.My-Card-AppTests";
				PRODUCT_NAME = "$(TARGET_NAME)";
				SWIFT_EMIT_LOC_STRINGS = NO;
				SWIFT_VERSION = 5.0;
				TARGETED_DEVICE_FAMILY = "1,2";
				TEST_HOST = "$(BUILT_PRODUCTS_DIR)/My Card App.app/$(BUNDLE_EXECUTABLE_FOLDER_PATH)/My Card App";
			};
			name = Debug;
		};
		18A1EC9829F454500084C11E /* Release */ = {
			isa = XCBuildConfiguration;
			buildSettings = {
				ALWAYS_EMBED_SWIFT_STANDARD_LIBRARIES = YES;
				BUNDLE_LOADER = "$(TEST_HOST)";
				CODE_SIGN_STYLE = Automatic;
				CURRENT_PROJECT_VERSION = 1;
				DEVELOPMENT_TEAM = T873B8UC9Y;
				GENERATE_INFOPLIST_FILE = YES;
				IPHONEOS_DEPLOYMENT_TARGET = 16.4;
				MARKETING_VERSION = 1.0;
				PRODUCT_BUNDLE_IDENTIFIER = "com.nigora.My-Card-AppTests";
				PRODUCT_NAME = "$(TARGET_NAME)";
				SWIFT_EMIT_LOC_STRINGS = NO;
				SWIFT_VERSION = 5.0;
				TARGETED_DEVICE_FAMILY = "1,2";
				TEST_HOST = "$(BUILT_PRODUCTS_DIR)/My Card App.app/$(BUNDLE_EXECUTABLE_FOLDER_PATH)/My Card App";
			};
			name = Release;
		};
		18A1EC9A29F454500084C11E /* Debug */ = {
			isa = XCBuildConfiguration;
			buildSettings = {
				ALWAYS_EMBED_SWIFT_STANDARD_LIBRARIES = YES;
				CODE_SIGN_STYLE = Automatic;
				CURRENT_PROJECT_VERSION = 1;
				DEVELOPMENT_TEAM = T873B8UC9Y;
				GENERATE_INFOPLIST_FILE = YES;
				MARKETING_VERSION = 1.0;
				PRODUCT_BUNDLE_IDENTIFIER = "com.nigora.My-Card-AppUITests";
				PRODUCT_NAME = "$(TARGET_NAME)";
				SWIFT_EMIT_LOC_STRINGS = NO;
				SWIFT_VERSION = 5.0;
				TARGETED_DEVICE_FAMILY = "1,2";
				TEST_TARGET_NAME = "My Card App";
			};
			name = Debug;
		};
		18A1EC9B29F454500084C11E /* Release */ = {
			isa = XCBuildConfiguration;
			buildSettings = {
				ALWAYS_EMBED_SWIFT_STANDARD_LIBRARIES = YES;
				CODE_SIGN_STYLE = Automatic;
				CURRENT_PROJECT_VERSION = 1;
				DEVELOPMENT_TEAM = T873B8UC9Y;
				GENERATE_INFOPLIST_FILE = YES;
				MARKETING_VERSION = 1.0;
				PRODUCT_BUNDLE_IDENTIFIER = "com.nigora.My-Card-AppUITests";
				PRODUCT_NAME = "$(TARGET_NAME)";
				SWIFT_EMIT_LOC_STRINGS = NO;
				SWIFT_VERSION = 5.0;
				TARGETED_DEVICE_FAMILY = "1,2";
				TEST_TARGET_NAME = "My Card App";
			};
			name = Release;
		};
/* End XCBuildConfiguration section */

/* Begin XCConfigurationList section */
		18A1EC6A29F4544B0084C11E /* Build configuration list for PBXProject "My Card App" */ = {
			isa = XCConfigurationList;
			buildConfigurations = (
				18A1EC9129F454500084C11E /* Debug */,
				18A1EC9229F454500084C11E /* Release */,
			);
			defaultConfigurationIsVisible = 0;
			defaultConfigurationName = Release;
		};
		18A1EC9329F454500084C11E /* Build configuration list for PBXNativeTarget "My Card App" */ = {
			isa = XCConfigurationList;
			buildConfigurations = (
				18A1EC9429F454500084C11E /* Debug */,
				18A1EC9529F454500084C11E /* Release */,
			);
			defaultConfigurationIsVisible = 0;
			defaultConfigurationName = Release;
		};
		18A1EC9629F454500084C11E /* Build configuration list for PBXNativeTarget "My Card AppTests" */ = {
			isa = XCConfigurationList;
			buildConfigurations = (
				18A1EC9729F454500084C11E /* Debug */,
				18A1EC9829F454500084C11E /* Release */,
			);
			defaultConfigurationIsVisible = 0;
			defaultConfigurationName = Release;
		};
		18A1EC9929F454500084C11E /* Build configuration list for PBXNativeTarget "My Card AppUITests" */ = {
			isa = XCConfigurationList;
			buildConfigurations = (
				18A1EC9A29F454500084C11E /* Debug */,
				18A1EC9B29F454500084C11E /* Release */,
			);
			defaultConfigurationIsVisible = 0;
			defaultConfigurationName = Release;
		};
/* End XCConfigurationList section */
	};
	rootObject = 18A1EC6729F4544B0084C11E /* Project object */;
}
